
Microsoft Visual Studio Solution File, Format Version 12.00
# Visual Studio Version 17
VisualStudioVersion = 17.0.31903.59
MinimumVisualStudioVersion = 10.0.40219.1
Project("{2150E333-8FDC-42A3-9474-1A3956D46DE8}") = "src", "src", "{827E0CD3-B72D-47B6-A68D-7590B98EB39B}"
EndProject
Project("{FAE04EC0-301F-11D3-BF4B-00C04F79EFBC}") = "DreamLens.Api", "src\DreamLens.Api\DreamLens.Api.csproj", "{B2B66413-41CA-44B8-B432-42F8196B419E}"
EndProject
Project("{FAE04EC0-301F-11D3-BF4B-00C04F79EFBC}") = "DreamLens.Api.IntegrationTests", "tests\DreamLens.Api.IntegrationTests\DreamLens.Api.IntegrationTests.csproj", "{81B72A7E-76E8-4282-93D3-D577660A8CD9}"
EndProject
Project("{2150E333-8FDC-42A3-9474-1A3956D46DE8}") = "tests", "tests", "{0AB3BF05-4346-4AA6-1389-037BE0695223}"
EndProject
Project("{FAE04EC0-301F-11D3-BF4B-00C04F79EFBC}") = "DreamLens.Api.Tests", "tests\DreamLens.Api.Tests\DreamLens.Api.Tests.csproj", "{03A17813-668B-4581-AAFB-654EB44DD0E2}"
EndProject
Project("{FAE04EC0-301F-11D3-BF4B-00C04F79EFBC}") = "PersonaKit.Tests", "tests\PersonaKit.Tests\PersonaKit.Tests.csproj", "{2CA46127-DDA7-472D-8809-C5100C49E08E}"
EndProject
Project("{FAE04EC0-301F-11D3-BF4B-00C04F79EFBC}") = "PersonaKit", "src\PersonaKit\PersonaKit.csproj", "{88B8E4E4-05AC-49D6-A4CB-944A0BFFACCB}"
EndProject
Global
	GlobalSection(SolutionConfigurationPlatforms) = preSolution
		Debug|Any CPU = Debug|Any CPU
		Debug|x64 = Debug|x64
		Debug|x86 = Debug|x86
		Release|Any CPU = Release|Any CPU
		Release|x64 = Release|x64
		Release|x86 = Release|x86
	EndGlobalSection
	GlobalSection(ProjectConfigurationPlatforms) = postSolution
		{B2B66413-41CA-44B8-B432-42F8196B419E}.Debug|Any CPU.ActiveCfg = Debug|Any CPU
		{B2B66413-41CA-44B8-B432-42F8196B419E}.Debug|Any CPU.Build.0 = Debug|Any CPU
		{B2B66413-41CA-44B8-B432-42F8196B419E}.Debug|x64.ActiveCfg = Debug|Any CPU
		{B2B66413-41CA-44B8-B432-42F8196B419E}.Debug|x64.Build.0 = Debug|Any CPU
		{B2B66413-41CA-44B8-B432-42F8196B419E}.Debug|x86.ActiveCfg = Debug|Any CPU
		{B2B66413-41CA-44B8-B432-42F8196B419E}.Debug|x86.Build.0 = Debug|Any CPU
		{B2B66413-41CA-44B8-B432-42F8196B419E}.Release|Any CPU.ActiveCfg = Release|Any CPU
		{B2B66413-41CA-44B8-B432-42F8196B419E}.Release|Any CPU.Build.0 = Release|Any CPU
		{B2B66413-41CA-44B8-B432-42F8196B419E}.Release|x64.ActiveCfg = Release|Any CPU
		{B2B66413-41CA-44B8-B432-42F8196B419E}.Release|x64.Build.0 = Release|Any CPU
		{B2B66413-41CA-44B8-B432-42F8196B419E}.Release|x86.ActiveCfg = Release|Any CPU
		{B2B66413-41CA-44B8-B432-42F8196B419E}.Release|x86.Build.0 = Release|Any CPU
		{81B72A7E-76E8-4282-93D3-D577660A8CD9}.Debug|Any CPU.ActiveCfg = Debug|Any CPU
		{81B72A7E-76E8-4282-93D3-D577660A8CD9}.Debug|Any CPU.Build.0 = Debug|Any CPU
		{81B72A7E-76E8-4282-93D3-D577660A8CD9}.Debug|x64.ActiveCfg = Debug|Any CPU
		{81B72A7E-76E8-4282-93D3-D577660A8CD9}.Debug|x64.Build.0 = Debug|Any CPU
		{81B72A7E-76E8-4282-93D3-D577660A8CD9}.Debug|x86.ActiveCfg = Debug|Any CPU
		{81B72A7E-76E8-4282-93D3-D577660A8CD9}.Debug|x86.Build.0 = Debug|Any CPU
		{81B72A7E-76E8-4282-93D3-D577660A8CD9}.Release|Any CPU.ActiveCfg = Release|Any CPU
		{81B72A7E-76E8-4282-93D3-D577660A8CD9}.Release|Any CPU.Build.0 = Release|Any CPU
		{81B72A7E-76E8-4282-93D3-D577660A8CD9}.Release|x64.ActiveCfg = Release|Any CPU
		{81B72A7E-76E8-4282-93D3-D577660A8CD9}.Release|x64.Build.0 = Release|Any CPU
		{81B72A7E-76E8-4282-93D3-D577660A8CD9}.Release|x86.ActiveCfg = Release|Any CPU
		{81B72A7E-76E8-4282-93D3-D577660A8CD9}.Release|x86.Build.0 = Release|Any CPU
		{03A17813-668B-4581-AAFB-654EB44DD0E2}.Debug|Any CPU.ActiveCfg = Debug|Any CPU
		{03A17813-668B-4581-AAFB-654EB44DD0E2}.Debug|Any CPU.Build.0 = Debug|Any CPU
		{03A17813-668B-4581-AAFB-654EB44DD0E2}.Debug|x64.ActiveCfg = Debug|Any CPU
		{03A17813-668B-4581-AAFB-654EB44DD0E2}.Debug|x64.Build.0 = Debug|Any CPU
		{03A17813-668B-4581-AAFB-654EB44DD0E2}.Debug|x86.ActiveCfg = Debug|Any CPU
		{03A17813-668B-4581-AAFB-654EB44DD0E2}.Debug|x86.Build.0 = Debug|Any CPU
		{03A17813-668B-4581-AAFB-654EB44DD0E2}.Release|Any CPU.ActiveCfg = Release|Any CPU
		{03A17813-668B-4581-AAFB-654EB44DD0E2}.Release|Any CPU.Build.0 = Release|Any CPU
		{03A17813-668B-4581-AAFB-654EB44DD0E2}.Release|x64.ActiveCfg = Release|Any CPU
		{03A17813-668B-4581-AAFB-654EB44DD0E2}.Release|x64.Build.0 = Release|Any CPU
		{03A17813-668B-4581-AAFB-654EB44DD0E2}.Release|x86.ActiveCfg = Release|Any CPU
		{03A17813-668B-4581-AAFB-654EB44DD0E2}.Release|x86.Build.0 = Release|Any CPU
		{2CA46127-DDA7-472D-8809-C5100C49E08E}.Debug|Any CPU.ActiveCfg = Debug|Any CPU
		{2CA46127-DDA7-472D-8809-C5100C49E08E}.Debug|Any CPU.Build.0 = Debug|Any CPU
		{2CA46127-DDA7-472D-8809-C5100C49E08E}.Debug|x64.ActiveCfg = Debug|Any CPU
		{2CA46127-DDA7-472D-8809-C5100C49E08E}.Debug|x64.Build.0 = Debug|Any CPU
		{2CA46127-DDA7-472D-8809-C5100C49E08E}.Debug|x86.ActiveCfg = Debug|Any CPU
		{2CA46127-DDA7-472D-8809-C5100C49E08E}.Debug|x86.Build.0 = Debug|Any CPU
		{2CA46127-DDA7-472D-8809-C5100C49E08E}.Release|Any CPU.ActiveCfg = Release|Any CPU
		{2CA46127-DDA7-472D-8809-C5100C49E08E}.Release|Any CPU.Build.0 = Release|Any CPU
		{2CA46127-DDA7-472D-8809-C5100C49E08E}.Release|x64.ActiveCfg = Release|Any CPU
		{2CA46127-DDA7-472D-8809-C5100C49E08E}.Release|x64.Build.0 = Release|Any CPU
		{2CA46127-DDA7-472D-8809-C5100C49E08E}.Release|x86.ActiveCfg = Release|Any CPU
		{2CA46127-DDA7-472D-8809-C5100C49E08E}.Release|x86.Build.0 = Release|Any CPU
		{88B8E4E4-05AC-49D6-A4CB-944A0BFFACCB}.Debug|Any CPU.ActiveCfg = Debug|Any CPU
		{88B8E4E4-05AC-49D6-A4CB-944A0BFFACCB}.Debug|Any CPU.Build.0 = Debug|Any CPU
		{88B8E4E4-05AC-49D6-A4CB-944A0BFFACCB}.Debug|x64.ActiveCfg = Debug|Any CPU
		{88B8E4E4-05AC-49D6-A4CB-944A0BFFACCB}.Debug|x64.Build.0 = Debug|Any CPU
		{88B8E4E4-05AC-49D6-A4CB-944A0BFFACCB}.Debug|x86.ActiveCfg = Debug|Any CPU
		{88B8E4E4-05AC-49D6-A4CB-944A0BFFACCB}.Debug|x86.Build.0 = Debug|Any CPU
		{88B8E4E4-05AC-49D6-A4CB-944A0BFFACCB}.Release|Any CPU.ActiveCfg = Release|Any CPU
		{88B8E4E4-05AC-49D6-A4CB-944A0BFFACCB}.Release|Any CPU.Build.0 = Release|Any CPU
		{88B8E4E4-05AC-49D6-A4CB-944A0BFFACCB}.Release|x64.ActiveCfg = Release|Any CPU
		{88B8E4E4-05AC-49D6-A4CB-944A0BFFACCB}.Release|x64.Build.0 = Release|Any CPU
		{88B8E4E4-05AC-49D6-A4CB-944A0BFFACCB}.Release|x86.ActiveCfg = Release|Any CPU
		{88B8E4E4-05AC-49D6-A4CB-944A0BFFACCB}.Release|x86.Build.0 = Release|Any CPU
	EndGlobalSection
	GlobalSection(SolutionProperties) = preSolution
		HideSolutionNode = FALSE
	EndGlobalSection
	GlobalSection(NestedProjects) = preSolution
		{B2B66413-41CA-44B8-B432-42F8196B419E} = {827E0CD3-B72D-47B6-A68D-7590B98EB39B}
		{81B72A7E-76E8-4282-93D3-D577660A8CD9} = {827E0CD3-B72D-47B6-A68D-7590B98EB39B}
		{03A17813-668B-4581-AAFB-654EB44DD0E2} = {0AB3BF05-4346-4AA6-1389-037BE0695223}
		{2CA46127-DDA7-472D-8809-C5100C49E08E} = {0AB3BF05-4346-4AA6-1389-037BE0695223}
		{88B8E4E4-05AC-49D6-A4CB-944A0BFFACCB} = {827E0CD3-B72D-47B6-A68D-7590B98EB39B}
	EndGlobalSection
EndGlobal
